// !$*UTF8*$!
{
	archiveVersion = 1;
	classes = {
	};
	objectVersion = 55;
	objects = {

/* Begin PBXBuildFile section */
		02197C5A2768E2A500DA0F85 /* AppDelegate.swift in Sources */ = {isa = PBXBuildFile; fileRef = 02197C592768E2A500DA0F85 /* AppDelegate.swift */; };
		02197C5C2768E2A500DA0F85 /* SceneDelegate.swift in Sources */ = {isa = PBXBuildFile; fileRef = 02197C5B2768E2A500DA0F85 /* SceneDelegate.swift */; };
		02197C5E2768E2A500DA0F85 /* ViewController.swift in Sources */ = {isa = PBXBuildFile; fileRef = 02197C5D2768E2A500DA0F85 /* ViewController.swift */; };
		02197C612768E2A500DA0F85 /* Main.storyboard in Resources */ = {isa = PBXBuildFile; fileRef = 02197C5F2768E2A500DA0F85 /* Main.storyboard */; };
		02197C632768E2A600DA0F85 /* Assets.xcassets in Resources */ = {isa = PBXBuildFile; fileRef = 02197C622768E2A600DA0F85 /* Assets.xcassets */; };
		02197C662768E2A600DA0F85 /* LaunchScreen.storyboard in Resources */ = {isa = PBXBuildFile; fileRef = 02197C642768E2A600DA0F85 /* LaunchScreen.storyboard */; };
		7D9FBCDAE67BCC5E707DD77C /* Pods_FSCalendarSample.framework in Frameworks */ = {isa = PBXBuildFile; fileRef = E9FE6A261F81DD9D17E8445C /* Pods_FSCalendarSample.framework */; };
/* End PBXBuildFile section */

/* Begin PBXFileReference section */
		02197C562768E2A500DA0F85 /* FSCalendarSample.app */ = {isa = PBXFileReference; explicitFileType = wrapper.application; includeInIndex = 0; path = FSCalendarSample.app; sourceTree = BUILT_PRODUCTS_DIR; };
		02197C592768E2A500DA0F85 /* AppDelegate.swift */ = {isa = PBXFileReference; lastKnownFileType = sourcecode.swift; path = AppDelegate.swift; sourceTree = "<group>"; };
		02197C5B2768E2A500DA0F85 /* SceneDelegate.swift */ = {isa = PBXFileReference; lastKnownFileType = sourcecode.swift; path = SceneDelegate.swift; sourceTree = "<group>"; };
		02197C5D2768E2A500DA0F85 /* ViewController.swift */ = {isa = PBXFileReference; lastKnownFileType = sourcecode.swift; path = ViewController.swift; sourceTree = "<group>"; };
		02197C602768E2A500DA0F85 /* Base */ = {isa = PBXFileReference; lastKnownFileType = file.storyboard; name = Base; path = Base.lproj/Main.storyboard; sourceTree = "<group>"; };
		02197C622768E2A600DA0F85 /* Assets.xcassets */ = {isa = PBXFileReference; lastKnownFileType = folder.assetcatalog; path = Assets.xcassets; sourceTree = "<group>"; };
		02197C652768E2A600DA0F85 /* Base */ = {isa = PBXFileReference; lastKnownFileType = file.storyboard; name = Base; path = Base.lproj/LaunchScreen.storyboard; sourceTree = "<group>"; };
		02197C672768E2A600DA0F85 /* Info.plist */ = {isa = PBXFileReference; lastKnownFileType = text.plist.xml; path = Info.plist; sourceTree = "<group>"; };
		18292744556B9A551E2E2C8C /* Pods-FSCalendarSample.release.xcconfig */ = {isa = PBXFileReference; includeInIndex = 1; lastKnownFileType = text.xcconfig; name = "Pods-FSCalendarSample.release.xcconfig"; path = "Target Support Files/Pods-FSCalendarSample/Pods-FSCalendarSample.release.xcconfig"; sourceTree = "<group>"; };
		52BC7C8C2F3CD9677A4B20D3 /* Pods-FSCalendarSample.debug.xcconfig */ = {isa = PBXFileReference; includeInIndex = 1; lastKnownFileType = text.xcconfig; name = "Pods-FSCalendarSample.debug.xcconfig"; path = "Target Support Files/Pods-FSCalendarSample/Pods-FSCalendarSample.debug.xcconfig"; sourceTree = "<group>"; };
		E9FE6A261F81DD9D17E8445C /* Pods_FSCalendarSample.framework */ = {isa = PBXFileReference; explicitFileType = wrapper.framework; includeInIndex = 0; path = Pods_FSCalendarSample.framework; sourceTree = BUILT_PRODUCTS_DIR; };
/* End PBXFileReference section */

/* Begin PBXFrameworksBuildPhase section */
		02197C532768E2A500DA0F85 /* Frameworks */ = {
			isa = PBXFrameworksBuildPhase;
			buildActionMask = 2147483647;
			files = (
				7D9FBCDAE67BCC5E707DD77C /* Pods_FSCalendarSample.framework in Frameworks */,
			);
			runOnlyForDeploymentPostprocessing = 0;
		};
/* End PBXFrameworksBuildPhase section */

/* Begin PBXGroup section */
		02197C4D2768E2A500DA0F85 = {
			isa = PBXGroup;
			children = (
				02197C582768E2A500DA0F85 /* FSCalendarSample */,
				02197C572768E2A500DA0F85 /* Products */,
				6EC05BDE7A3039FA6DA5FF2B /* Pods */,
				9F6AAAD85B97CE234DCF6A0C /* Frameworks */,
			);
			sourceTree = "<group>";
		};
		02197C572768E2A500DA0F85 /* Products */ = {
			isa = PBXGroup;
			children = (
				02197C562768E2A500DA0F85 /* FSCalendarSample.app */,
			);
			name = Products;
			sourceTree = "<group>";
		};
		02197C582768E2A500DA0F85 /* FSCalendarSample */ = {
			isa = PBXGroup;
			children = (
				02197C592768E2A500DA0F85 /* AppDelegate.swift */,
				02197C5B2768E2A500DA0F85 /* SceneDelegate.swift */,
				02197C5D2768E2A500DA0F85 /* ViewController.swift */,
				02197C5F2768E2A500DA0F85 /* Main.storyboard */,
				02197C622768E2A600DA0F85 /* Assets.xcassets */,
				02197C642768E2A600DA0F85 /* LaunchScreen.storyboard */,
				02197C672768E2A600DA0F85 /* Info.plist */,
			);
			path = FSCalendarSample;
			sourceTree = "<group>";
		};
		6EC05BDE7A3039FA6DA5FF2B /* Pods */ = {
			isa = PBXGroup;
			children = (
				52BC7C8C2F3CD9677A4B20D3 /* Pods-FSCalendarSample.debug.xcconfig */,
				18292744556B9A551E2E2C8C /* Pods-FSCalendarSample.release.xcconfig */,
			);
			name = Pods;
			path = Pods;
			sourceTree = "<group>";
		};
		9F6AAAD85B97CE234DCF6A0C /* Frameworks */ = {
			isa = PBXGroup;
			children = (
				E9FE6A261F81DD9D17E8445C /* Pods_FSCalendarSample.framework */,
			);
			name = Frameworks;
			sourceTree = "<group>";
		};
/* End PBXGroup section */

/* Begin PBXNativeTarget section */
		02197C552768E2A500DA0F85 /* FSCalendarSample */ = {
			isa = PBXNativeTarget;
			buildConfigurationList = 02197C6A2768E2A600DA0F85 /* Build configuration list for PBXNativeTarget "FSCalendarSample" */;
			buildPhases = (
				89A0E2AFDE29FDC0CB6B7B71 /* [CP] Check Pods Manifest.lock */,
				02197C522768E2A500DA0F85 /* Sources */,
				02197C532768E2A500DA0F85 /* Frameworks */,
				02197C542768E2A500DA0F85 /* Resources */,
				E24CF6307E641D70D72D8320 /* [CP] Embed Pods Frameworks */,
			);
			buildRules = (
			);
			dependencies = (
			);
			name = FSCalendarSample;
			productName = FSCalendarSample;
			productReference = 02197C562768E2A500DA0F85 /* FSCalendarSample.app */;
			productType = "com.apple.product-type.application";
		};
/* End PBXNativeTarget section */

/* Begin PBXProject section */
		02197C4E2768E2A500DA0F85 /* Project object */ = {
			isa = PBXProject;
			attributes = {
				BuildIndependentTargetsInParallel = 1;
				LastSwiftUpdateCheck = 1310;
				LastUpgradeCheck = 1310;
				TargetAttributes = {
					02197C552768E2A500DA0F85 = {
						CreatedOnToolsVersion = 13.1;
					};
				};
			};
			buildConfigurationList = 02197C512768E2A500DA0F85 /* Build configuration list for PBXProject "FSCalendarSample" */;
			compatibilityVersion = "Xcode 13.0";
			developmentRegion = en;
			hasScannedForEncodings = 0;
			knownRegions = (
				en,
				Base,
			);
			mainGroup = 02197C4D2768E2A500DA0F85;
			productRefGroup = 02197C572768E2A500DA0F85 /* Products */;
			projectDirPath = "";
			projectRoot = "";
			targets = (
				02197C552768E2A500DA0F85 /* FSCalendarSample */,
			);
		};
/* End PBXProject section */

/* Begin PBXResourcesBuildPhase section */
		02197C542768E2A500DA0F85 /* Resources */ = {
			isa = PBXResourcesBuildPhase;
			buildActionMask = 2147483647;
			files = (
				02197C662768E2A600DA0F85 /* LaunchScreen.storyboard in Resources */,
				02197C632768E2A600DA0F85 /* Assets.xcassets in Resources */,
				02197C612768E2A500DA0F85 /* Main.storyboard in Resources */,
			);
			runOnlyForDeploymentPostprocessing = 0;
		};
/* End PBXResourcesBuildPhase section */

/* Begin PBXShellScriptBuildPhase section */
		89A0E2AFDE29FDC0CB6B7B71 /* [CP] Check Pods Manifest.lock */ = {
			isa = PBXShellScriptBuildPhase;
			buildActionMask = 2147483647;
			files = (
			);
			inputFileListPaths = (
			);
			inputPaths = (
				"${PODS_PODFILE_DIR_PATH}/Podfile.lock",
				"${PODS_ROOT}/Manifest.lock",
			);
			name = "[CP] Check Pods Manifest.lock";
			outputFileListPaths = (
			);
			outputPaths = (
				"$(DERIVED_FILE_DIR)/Pods-FSCalendarSample-checkManifestLockResult.txt",
			);
			runOnlyForDeploymentPostprocessing = 0;
			shellPath = /bin/sh;
			shellScript = "diff \"${PODS_PODFILE_DIR_PATH}/Podfile.lock\" \"${PODS_ROOT}/Manifest.lock\" > /dev/null\nif [ $? != 0 ] ; then\n    # print error to STDERR\n    echo \"error: The sandbox is not in sync with the Podfile.lock. Run 'pod install' or update your CocoaPods installation.\" >&2\n    exit 1\nfi\n# This output is used by Xcode 'outputs' to avoid re-running this script phase.\necho \"SUCCESS\" > \"${SCRIPT_OUTPUT_FILE_0}\"\n";
			showEnvVarsInLog = 0;
		};
		E24CF6307E641D70D72D8320 /* [CP] Embed Pods Frameworks */ = {
			isa = PBXShellScriptBuildPhase;
			buildActionMask = 2147483647;
			files = (
			);
			inputFileListPaths = (
				"${PODS_ROOT}/Target Support Files/Pods-FSCalendarSample/Pods-FSCalendarSample-frameworks-${CONFIGURATION}-input-files.xcfilelist",
			);
			name = "[CP] Embed Pods Frameworks";
			outputFileListPaths = (
				"${PODS_ROOT}/Target Support Files/Pods-FSCalendarSample/Pods-FSCalendarSample-frameworks-${CONFIGURATION}-output-files.xcfilelist",
			);
			runOnlyForDeploymentPostprocessing = 0;
			shellPath = /bin/sh;
			shellScript = "\"${PODS_ROOT}/Target Support Files/Pods-FSCalendarSample/Pods-FSCalendarSample-frameworks.sh\"\n";
			showEnvVarsInLog = 0;
		};
/* End PBXShellScriptBuildPhase section */

/* Begin PBXSourcesBuildPhase section */
		02197C522768E2A500DA0F85 /* Sources */ = {
			isa = PBXSourcesBuildPhase;
			buildActionMask = 2147483647;
			files = (
				02197C5E2768E2A500DA0F85 /* ViewController.swift in Sources */,
				02197C5A2768E2A500DA0F85 /* AppDelegate.swift in Sources */,
				02197C5C2768E2A500DA0F85 /* SceneDelegate.swift in Sources */,
			);
			runOnlyForDeploymentPostprocessing = 0;
		};
/* End PBXSourcesBuildPhase section */

/* Begin PBXVariantGroup section */
		02197C5F2768E2A500DA0F85 /* Main.storyboard */ = {
			isa = PBXVariantGroup;
			children = (
				02197C602768E2A500DA0F85 /* Base */,
			);
			name = Main.storyboard;
			sourceTree = "<group>";
		};
		02197C642768E2A600DA0F85 /* LaunchScreen.storyboard */ = {
			isa = PBXVariantGroup;
			children = (
				02197C652768E2A600DA0F85 /* Base */,
			);
			name = LaunchScreen.storyboard;
			sourceTree = "<group>";
		};
/* End PBXVariantGroup section */

/* Begin XCBuildConfiguration section */
		02197C682768E2A600DA0F85 /* Debug */ = {
			isa = XCBuildConfiguration;
			buildSettings = {
				ALWAYS_SEARCH_USER_PATHS = NO;
				CLANG_ANALYZER_NONNULL = YES;
				CLANG_ANALYZER_NUMBER_OBJECT_CONVERSION = YES_AGGRESSIVE;
				CLANG_CXX_LANGUAGE_STANDARD = "gnu++17";
				CLANG_CXX_LIBRARY = "libc++";
				CLANG_ENABLE_MODULES = YES;
				CLANG_ENABLE_OBJC_ARC = YES;
				CLANG_ENABLE_OBJC_WEAK = YES;
				CLANG_WARN_BLOCK_CAPTURE_AUTORELEASING = YES;
				CLANG_WARN_BOOL_CONVERSION = YES;
				CLANG_WARN_COMMA = YES;
				CLANG_WARN_CONSTANT_CONVERSION = YES;
				CLANG_WARN_DEPRECATED_OBJC_IMPLEMENTATIONS = YES;
				CLANG_WARN_DIRECT_OBJC_ISA_USAGE = YES_ERROR;
				CLANG_WARN_DOCUMENTATION_COMMENTS = YES;
				CLANG_WARN_EMPTY_BODY = YES;
				CLANG_WARN_ENUM_CONVERSION = YES;
				CLANG_WARN_INFINITE_RECURSION = YES;
				CLANG_WARN_INT_CONVERSION = YES;
				CLANG_WARN_NON_LITERAL_NULL_CONVERSION = YES;
				CLANG_WARN_OBJC_IMPLICIT_RETAIN_SELF = YES;
				CLANG_WARN_OBJC_LITERAL_CONVERSION = YES;
				CLANG_WARN_OBJC_ROOT_CLASS = YES_ERROR;
				CLANG_WARN_QUOTED_INCLUDE_IN_FRAMEWORK_HEADER = YES;
				CLANG_WARN_RANGE_LOOP_ANALYSIS = YES;
				CLANG_WARN_STRICT_PROTOTYPES = YES;
				CLANG_WARN_SUSPICIOUS_MOVE = YES;
				CLANG_WARN_UNGUARDED_AVAILABILITY = YES_AGGRESSIVE;
				CLANG_WARN_UNREACHABLE_CODE = YES;
				CLANG_WARN__DUPLICATE_METHOD_MATCH = YES;
				COPY_PHASE_STRIP = NO;
				DEBUG_INFORMATION_FORMAT = dwarf;
				ENABLE_STRICT_OBJC_MSGSEND = YES;
				ENABLE_TESTABILITY = YES;
				GCC_C_LANGUAGE_STANDARD = gnu11;
				GCC_DYNAMIC_NO_PIC = NO;
				GCC_NO_COMMON_BLOCKS = YES;
				GCC_OPTIMIZATION_LEVEL = 0;
				GCC_PREPROCESSOR_DEFINITIONS = (
					"DEBUG=1",
					"$(inherited)",
				);
				GCC_WARN_64_TO_32_BIT_CONVERSION = YES;
				GCC_WARN_ABOUT_RETURN_TYPE = YES_ERROR;
				GCC_WARN_UNDECLARED_SELECTOR = YES;
				GCC_WARN_UNINITIALIZED_AUTOS = YES_AGGRESSIVE;
				GCC_WARN_UNUSED_FUNCTION = YES;
				GCC_WARN_UNUSED_VARIABLE = YES;
				IPHONEOS_DEPLOYMENT_TARGET = 15.0;
				MTL_ENABLE_DEBUG_INFO = INCLUDE_SOURCE;
				MTL_FAST_MATH = YES;
				ONLY_ACTIVE_ARCH = YES;
				SDKROOT = iphoneos;
				SWIFT_ACTIVE_COMPILATION_CONDITIONS = DEBUG;
				SWIFT_OPTIMIZATION_LEVEL = "-Onone";
			};
			name = Debug;
		};
		02197C692768E2A600DA0F85 /* Release */ = {
			isa = XCBuildConfiguration;
			buildSettings = {
				ALWAYS_SEARCH_USER_PATHS = NO;
				CLANG_ANALYZER_NONNULL = YES;
				CLANG_ANALYZER_NUMBER_OBJECT_CONVERSION = YES_AGGRESSIVE;
				CLANG_CXX_LANGUAGE_STANDARD = "gnu++17";
				CLANG_CXX_LIBRARY = "libc++";
				CLANG_ENABLE_MODULES = YES;
				CLANG_ENABLE_OBJC_ARC = YES;
				CLANG_ENABLE_OBJC_WEAK = YES;
				CLANG_WARN_BLOCK_CAPTURE_AUTORELEASING = YES;
				CLANG_WARN_BOOL_CONVERSION = YES;
				CLANG_WARN_COMMA = YES;
				CLANG_WARN_CONSTANT_CONVERSION = YES;
				CLANG_WARN_DEPRECATED_OBJC_IMPLEMENTATIONS = YES;
				CLANG_WARN_DIRECT_OBJC_ISA_USAGE = YES_ERROR;
				CLANG_WARN_DOCUMENTATION_COMMENTS = YES;
				CLANG_WARN_EMPTY_BODY = YES;
				CLANG_WARN_ENUM_CONVERSION = YES;
				CLANG_WARN_INFINITE_RECURSION = YES;
				CLANG_WARN_INT_CONVERSION = YES;
				CLANG_WARN_NON_LITERAL_NULL_CONVERSION = YES;
				CLANG_WARN_OBJC_IMPLICIT_RETAIN_SELF = YES;
				CLANG_WARN_OBJC_LITERAL_CONVERSION = YES;
				CLANG_WARN_OBJC_ROOT_CLASS = YES_ERROR;
				CLANG_WARN_QUOTED_INCLUDE_IN_FRAMEWORK_HEADER = YES;
				CLANG_WARN_RANGE_LOOP_ANALYSIS = YES;
				CLANG_WARN_STRICT_PROTOTYPES = YES;
				CLANG_WARN_SUSPICIOUS_MOVE = YES;
				CLANG_WARN_UNGUARDED_AVAILABILITY = YES_AGGRESSIVE;
				CLANG_WARN_UNREACHABLE_CODE = YES;
				CLANG_WARN__DUPLICATE_METHOD_MATCH = YES;
				COPY_PHASE_STRIP = NO;
				DEBUG_INFORMATION_FORMAT = "dwarf-with-dsym";
				ENABLE_NS_ASSERTIONS = NO;
				ENABLE_STRICT_OBJC_MSGSEND = YES;
				GCC_C_LANGUAGE_STANDARD = gnu11;
				GCC_NO_COMMON_BLOCKS = YES;
				GCC_WARN_64_TO_32_BIT_CONVERSION = YES;
				GCC_WARN_ABOUT_RETURN_TYPE = YES_ERROR;
				GCC_WARN_UNDECLARED_SELECTOR = YES;
				GCC_WARN_UNINITIALIZED_AUTOS = YES_AGGRESSIVE;
				GCC_WARN_UNUSED_FUNCTION = YES;
				GCC_WARN_UNUSED_VARIABLE = YES;
				IPHONEOS_DEPLOYMENT_TARGET = 15.0;
				MTL_ENABLE_DEBUG_INFO = NO;
				MTL_FAST_MATH = YES;
				SDKROOT = iphoneos;
				SWIFT_COMPILATION_MODE = wholemodule;
				SWIFT_OPTIMIZATION_LEVEL = "-O";
				VALIDATE_PRODUCT = YES;
			};
			name = Release;
		};
		02197C6B2768E2A600DA0F85 /* Debug */ = {
			isa = XCBuildConfiguration;
			baseConfigurationReference = 52BC7C8C2F3CD9677A4B20D3 /* Pods-FSCalendarSample.debug.xcconfig */;
			buildSettings = {
				ASSETCATALOG_COMPILER_APPICON_NAME = AppIcon;
				ASSETCATALOG_COMPILER_GLOBAL_ACCENT_COLOR_NAME = AccentColor;
				CODE_SIGN_STYLE = Automatic;
				CURRENT_PROJECT_VERSION = 1;
				DEVELOPMENT_TEAM = JCXV9CV8VM;
				GENERATE_INFOPLIST_FILE = YES;
				INFOPLIST_FILE = FSCalendarSample/Info.plist;
				INFOPLIST_KEY_UIApplicationSupportsIndirectInputEvents = YES;
				INFOPLIST_KEY_UILaunchStoryboardName = LaunchScreen;
				INFOPLIST_KEY_UIMainStoryboardFile = Main;
				INFOPLIST_KEY_UISupportedInterfaceOrientations_iPad = "UIInterfaceOrientationPortrait UIInterfaceOrientationPortraitUpsideDown UIInterfaceOrientationLandscapeLeft UIInterfaceOrientationLandscapeRight";
				INFOPLIST_KEY_UISupportedInterfaceOrientations_iPhone = "UIInterfaceOrientationPortrait UIInterfaceOrientationLandscapeLeft UIInterfaceOrientationLandscapeRight";
				LD_RUNPATH_SEARCH_PATHS = (
					"$(inherited)",
					"@executable_path/Frameworks",
				);
				MARKETING_VERSION = 1.0;
				PRODUCT_BUNDLE_IDENTIFIER = com.n4ksuk.FSCalendarSample;
				PRODUCT_NAME = "$(TARGET_NAME)";
				SWIFT_EMIT_LOC_STRINGS = YES;
				SWIFT_VERSION = 5.0;
				TARGETED_DEVICE_FAMILY = "1,2";
			};
			name = Debug;
		};
		02197C6C2768E2A600DA0F85 /* Release */ = {
			isa = XCBuildConfiguration;
			baseConfigurationReference = 18292744556B9A551E2E2C8C /* Pods-FSCalendarSample.release.xcconfig */;
			buildSettings = {
				ASSETCATALOG_COMPILER_APPICON_NAME = AppIcon;
				ASSETCATALOG_COMPILER_GLOBAL_ACCENT_COLOR_NAME = AccentColor;
				CODE_SIGN_STYLE = Automatic;
				CURRENT_PROJECT_VERSION = 1;
				DEVELOPMENT_TEAM = JCXV9CV8VM;
				GENERATE_INFOPLIST_FILE = YES;
				INFOPLIST_FILE = FSCalendarSample/Info.plist;
				INFOPLIST_KEY_UIApplicationSupportsIndirectInputEvents = YES;
				INFOPLIST_KEY_UILaunchStoryboardName = LaunchScreen;
				INFOPLIST_KEY_UIMainStoryboardFile = Main;
				INFOPLIST_KEY_UISupportedInterfaceOrientations_iPad = "UIInterfaceOrientationPortrait UIInterfaceOrientationPortraitUpsideDown UIInterfaceOrientationLandscapeLeft UIInterfaceOrientationLandscapeRight";
				INFOPLIST_KEY_UISupportedInterfaceOrientations_iPhone = "UIInterfaceOrientationPortrait UIInterfaceOrientationLandscapeLeft UIInterfaceOrientationLandscapeRight";
				LD_RUNPATH_SEARCH_PATHS = (
					"$(inherited)",
					"@executable_path/Frameworks",
				);
				MARKETING_VERSION = 1.0;
				PRODUCT_BUNDLE_IDENTIFIER = com.n4ksuk.FSCalendarSample;
				PRODUCT_NAME = "$(TARGET_NAME)";
				SWIFT_EMIT_LOC_STRINGS = YES;
				SWIFT_VERSION = 5.0;
				TARGETED_DEVICE_FAMILY = "1,2";
			};
			name = Release;
		};
/* End XCBuildConfiguration section */

/* Begin XCConfigurationList section */
		02197C512768E2A500DA0F85 /* Build configuration list for PBXProject "FSCalendarSample" */ = {
			isa = XCConfigurationList;
			buildConfigurations = (
				02197C682768E2A600DA0F85 /* Debug */,
				02197C692768E2A600DA0F85 /* Release */,
			);
			defaultConfigurationIsVisible = 0;
			defaultConfigurationName = Release;
		};
		02197C6A2768E2A600DA0F85 /* Build configuration list for PBXNativeTarget "FSCalendarSample" */ = {
			isa = XCConfigurationList;
			buildConfigurations = (
				02197C6B2768E2A600DA0F85 /* Debug */,
				02197C6C2768E2A600DA0F85 /* Release */,
			);
			defaultConfigurationIsVisible = 0;
			defaultConfigurationName = Release;
		};
/* End XCConfigurationList section */
	};
	rootObject = 02197C4E2768E2A500DA0F85 /* Project object */;
}
